
Microsoft Visual Studio Solution File, Format Version 12.00
# Visual Studio Version 16
VisualStudioVersion = 16.0.30114.105
MinimumVisualStudioVersion = 10.0.40219.1
Project("{FAE04EC0-301F-11D3-BF4B-00C04F79EFBC}") = "77.Challenge_Tic_Tac_Toe", "77.Challenge_Tic_Tac_Toe\77.Challenge_Tic_Tac_Toe.csproj", "{0021AC2B-A08C-4D22-B61B-C515F9B5AC83}"
EndProject
Global
	GlobalSection(SolutionConfigurationPlatforms) = preSolution
		Debug|Any CPU = Debug|Any CPU
		Release|Any CPU = Release|Any CPU
	EndGlobalSection
	GlobalSection(ProjectConfigurationPlatforms) = postSolution
		{0021AC2B-A08C-4D22-B61B-C515F9B5AC83}.Debug|Any CPU.ActiveCfg = Debug|Any CPU
		{0021AC2B-A08C-4D22-B61B-C515F9B5AC83}.Debug|Any CPU.Build.0 = Debug|Any CPU
		{0021AC2B-A08C-4D22-B61B-C515F9B5AC83}.Release|Any CPU.ActiveCfg = Release|Any CPU
		{0021AC2B-A08C-4D22-B61B-C515F9B5AC83}.Release|Any CPU.Build.0 = Release|Any CPU
	EndGlobalSection
	GlobalSection(SolutionProperties) = preSolution
		HideSolutionNode = FALSE
	EndGlobalSection
	GlobalSection(ExtensibilityGlobals) = postSolution
		SolutionGuid = {AD0FC15B-21A5-4210-9547-016F0D815683}
	EndGlobalSection
EndGlobal
